
Microsoft Visual Studio Solution File, Format Version 12.00
# Visual Studio 2012
Project("{FAE04EC0-301F-11D3-BF4B-00C04F79EFBC}") = "KnowledgeDialog2", "KnowledgeDialog2\KnowledgeDialog2.csproj", "{750EDF7E-1F54-42C1-B23E-6B18A20CD35F}"
EndProject
Project("{FAE04EC0-301F-11D3-BF4B-00C04F79EFBC}") = "KnowledgeDialog2.Test", "KnowledgeDialog2.Test\KnowledgeDialog2.Test.csproj", "{D9AA1AE2-98ED-473F-9731-627E796EE482}"
EndProject
Project("{FAE04EC0-301F-11D3-BF4B-00C04F79EFBC}") = "CurioChatBot", "CurioChatBot\CurioChatBot.csproj", "{4DD8E65B-329B-4F3B-BABD-D6DE254DF9B6}"
EndProject
Global
	GlobalSection(SolutionConfigurationPlatforms) = preSolution
		Debug|Any CPU = Debug|Any CPU
		Release|Any CPU = Release|Any CPU
	EndGlobalSection
	GlobalSection(ProjectConfigurationPlatforms) = postSolution
		{750EDF7E-1F54-42C1-B23E-6B18A20CD35F}.Debug|Any CPU.ActiveCfg = Debug|Any CPU
		{750EDF7E-1F54-42C1-B23E-6B18A20CD35F}.Debug|Any CPU.Build.0 = Debug|Any CPU
		{750EDF7E-1F54-42C1-B23E-6B18A20CD35F}.Release|Any CPU.ActiveCfg = Release|Any CPU
		{750EDF7E-1F54-42C1-B23E-6B18A20CD35F}.Release|Any CPU.Build.0 = Release|Any CPU
		{D9AA1AE2-98ED-473F-9731-627E796EE482}.Debug|Any CPU.ActiveCfg = Debug|Any CPU
		{D9AA1AE2-98ED-473F-9731-627E796EE482}.Debug|Any CPU.Build.0 = Debug|Any CPU
		{D9AA1AE2-98ED-473F-9731-627E796EE482}.Release|Any CPU.ActiveCfg = Release|Any CPU
		{D9AA1AE2-98ED-473F-9731-627E796EE482}.Release|Any CPU.Build.0 = Release|Any CPU
		{4DD8E65B-329B-4F3B-BABD-D6DE254DF9B6}.Debug|Any CPU.ActiveCfg = Debug|Any CPU
		{4DD8E65B-329B-4F3B-BABD-D6DE254DF9B6}.Debug|Any CPU.Build.0 = Debug|Any CPU
		{4DD8E65B-329B-4F3B-BABD-D6DE254DF9B6}.Release|Any CPU.ActiveCfg = Release|Any CPU
		{4DD8E65B-329B-4F3B-BABD-D6DE254DF9B6}.Release|Any CPU.Build.0 = Release|Any CPU
	EndGlobalSection
	GlobalSection(SolutionProperties) = preSolution
		HideSolutionNode = FALSE
	EndGlobalSection
EndGlobal
